
Microsoft Visual Studio Solution File, Format Version 12.00
# Visual Studio 2013
VisualStudioVersion = 12.0.30110.0
MinimumVisualStudioVersion = 10.0.40219.1
Project("{FAE04EC0-301F-11D3-BF4B-00C04F79EFBC}") = "DomainClasses", "DomainClasses\DomainClasses.csproj", "{460118A5-3AE7-4039-8877-A67FD600F15F}"
EndProject
Project("{FAE04EC0-301F-11D3-BF4B-00C04F79EFBC}") = "DataLayer", "DataLayer\DataLayer.csproj", "{B23C4F73-AB98-4DAF-847D-97BBE0B9C2D4}"
EndProject
Project("{FAE04EC0-301F-11D3-BF4B-00C04F79EFBC}") = "Console", "Console\Console.csproj", "{B4B39513-375B-451D-BF52-ECD0DC426AE3}"
EndProject
Project("{FAE04EC0-301F-11D3-BF4B-00C04F79EFBC}") = "Test", "Test\Test.csproj", "{B0F1E569-F519-4F74-8087-CA1CB53CF97B}"
EndProject
Project("{2150E333-8FDC-42A3-9474-1A3956D46DE8}") = "Libraries", "Libraries", "{2BCD971E-D477-4164-9D5D-9BC21D43FC86}"
EndProject
Project("{2150E333-8FDC-42A3-9474-1A3956D46DE8}") = "Presentation", "Presentation", "{DDF02D76-17E8-4733-8175-DD189C74E313}"
EndProject
Project("{2150E333-8FDC-42A3-9474-1A3956D46DE8}") = "Tests", "Tests", "{B4AFF06C-FAE2-469F-A92B-95D031AD04C8}"
EndProject
Project("{FAE04EC0-301F-11D3-BF4B-00C04F79EFBC}") = "Invest.Web", "Invest.Web\Invest.Web.csproj", "{554EF100-D7B1-4A01-8AD2-68AD88689570}"
EndProject
Project("{FAE04EC0-301F-11D3-BF4B-00C04F79EFBC}") = "Invest.Web.Framework", "Invest.Web.Framework\Invest.Web.Framework.csproj", "{5D342555-EB05-4C70-A554-9315A1644AEB}"
EndProject
Project("{FAE04EC0-301F-11D3-BF4B-00C04F79EFBC}") = "Invest.Services", "Invest.Services\Invest.Services.csproj", "{51495A16-A27A-4B22-8659-EB26AB778727}"
EndProject
Global
	GlobalSection(SubversionScc) = preSolution
		Svn-Managed = True
		Manager = AnkhSVN - Subversion Support for Visual Studio
	EndGlobalSection
	GlobalSection(SolutionConfigurationPlatforms) = preSolution
		Debug|Any CPU = Debug|Any CPU
		Release|Any CPU = Release|Any CPU
	EndGlobalSection
	GlobalSection(ProjectConfigurationPlatforms) = postSolution
		{460118A5-3AE7-4039-8877-A67FD600F15F}.Debug|Any CPU.ActiveCfg = Debug|Any CPU
		{460118A5-3AE7-4039-8877-A67FD600F15F}.Debug|Any CPU.Build.0 = Debug|Any CPU
		{460118A5-3AE7-4039-8877-A67FD600F15F}.Release|Any CPU.ActiveCfg = Release|Any CPU
		{460118A5-3AE7-4039-8877-A67FD600F15F}.Release|Any CPU.Build.0 = Release|Any CPU
		{B23C4F73-AB98-4DAF-847D-97BBE0B9C2D4}.Debug|Any CPU.ActiveCfg = Debug|Any CPU
		{B23C4F73-AB98-4DAF-847D-97BBE0B9C2D4}.Debug|Any CPU.Build.0 = Debug|Any CPU
		{B23C4F73-AB98-4DAF-847D-97BBE0B9C2D4}.Release|Any CPU.ActiveCfg = Release|Any CPU
		{B23C4F73-AB98-4DAF-847D-97BBE0B9C2D4}.Release|Any CPU.Build.0 = Release|Any CPU
		{B4B39513-375B-451D-BF52-ECD0DC426AE3}.Debug|Any CPU.ActiveCfg = Debug|Any CPU
		{B4B39513-375B-451D-BF52-ECD0DC426AE3}.Debug|Any CPU.Build.0 = Debug|Any CPU
		{B4B39513-375B-451D-BF52-ECD0DC426AE3}.Release|Any CPU.ActiveCfg = Release|Any CPU
		{B4B39513-375B-451D-BF52-ECD0DC426AE3}.Release|Any CPU.Build.0 = Release|Any CPU
		{B0F1E569-F519-4F74-8087-CA1CB53CF97B}.Debug|Any CPU.ActiveCfg = Debug|Any CPU
		{B0F1E569-F519-4F74-8087-CA1CB53CF97B}.Debug|Any CPU.Build.0 = Debug|Any CPU
		{B0F1E569-F519-4F74-8087-CA1CB53CF97B}.Release|Any CPU.ActiveCfg = Release|Any CPU
		{B0F1E569-F519-4F74-8087-CA1CB53CF97B}.Release|Any CPU.Build.0 = Release|Any CPU
		{554EF100-D7B1-4A01-8AD2-68AD88689570}.Debug|Any CPU.ActiveCfg = Debug|Any CPU
		{554EF100-D7B1-4A01-8AD2-68AD88689570}.Debug|Any CPU.Build.0 = Debug|Any CPU
		{554EF100-D7B1-4A01-8AD2-68AD88689570}.Release|Any CPU.ActiveCfg = Release|Any CPU
		{554EF100-D7B1-4A01-8AD2-68AD88689570}.Release|Any CPU.Build.0 = Release|Any CPU
		{5D342555-EB05-4C70-A554-9315A1644AEB}.Debug|Any CPU.ActiveCfg = Debug|Any CPU
		{5D342555-EB05-4C70-A554-9315A1644AEB}.Debug|Any CPU.Build.0 = Debug|Any CPU
		{5D342555-EB05-4C70-A554-9315A1644AEB}.Release|Any CPU.ActiveCfg = Release|Any CPU
		{5D342555-EB05-4C70-A554-9315A1644AEB}.Release|Any CPU.Build.0 = Release|Any CPU
		{51495A16-A27A-4B22-8659-EB26AB778727}.Debug|Any CPU.ActiveCfg = Debug|Any CPU
		{51495A16-A27A-4B22-8659-EB26AB778727}.Debug|Any CPU.Build.0 = Debug|Any CPU
		{51495A16-A27A-4B22-8659-EB26AB778727}.Release|Any CPU.ActiveCfg = Release|Any CPU
		{51495A16-A27A-4B22-8659-EB26AB778727}.Release|Any CPU.Build.0 = Release|Any CPU
	EndGlobalSection
	GlobalSection(SolutionProperties) = preSolution
		HideSolutionNode = FALSE
	EndGlobalSection
	GlobalSection(NestedProjects) = preSolution
		{B23C4F73-AB98-4DAF-847D-97BBE0B9C2D4} = {2BCD971E-D477-4164-9D5D-9BC21D43FC86}
		{460118A5-3AE7-4039-8877-A67FD600F15F} = {2BCD971E-D477-4164-9D5D-9BC21D43FC86}
		{51495A16-A27A-4B22-8659-EB26AB778727} = {2BCD971E-D477-4164-9D5D-9BC21D43FC86}
		{554EF100-D7B1-4A01-8AD2-68AD88689570} = {DDF02D76-17E8-4733-8175-DD189C74E313}
		{5D342555-EB05-4C70-A554-9315A1644AEB} = {DDF02D76-17E8-4733-8175-DD189C74E313}
		{B0F1E569-F519-4F74-8087-CA1CB53CF97B} = {B4AFF06C-FAE2-469F-A92B-95D031AD04C8}
		{B4B39513-375B-451D-BF52-ECD0DC426AE3} = {B4AFF06C-FAE2-469F-A92B-95D031AD04C8}
	EndGlobalSection
EndGlobal
